
Microsoft Visual Studio Solution File, Format Version 12.00
# Visual Studio 15
Project("{FAE04EC0-301F-11D3-BF4B-00C04F79EFBC}") = "Assembly-CSharp", "Assembly-CSharp.csproj", "{5191476C-72BF-2E5C-1BB4-E9F0E65081A9}"
EndProject
Global
	GlobalSection(SolutionConfigurationPlatforms) = preSolution
		Debug|Any CPU = Debug|Any CPU
		Release|Any CPU = Release|Any CPU
	EndGlobalSection
	GlobalSection(ProjectConfigurationPlatforms) = postSolution
		{5191476C-72BF-2E5C-1BB4-E9F0E65081A9}.Debug|Any CPU.ActiveCfg = Debug|Any CPU
		{5191476C-72BF-2E5C-1BB4-E9F0E65081A9}.Debug|Any CPU.Build.0 = Debug|Any CPU
		{5191476C-72BF-2E5C-1BB4-E9F0E65081A9}.Release|Any CPU.ActiveCfg = Release|Any CPU
		{5191476C-72BF-2E5C-1BB4-E9F0E65081A9}.Release|Any CPU.Build.0 = Release|Any CPU
	EndGlobalSection
	GlobalSection(SolutionProperties) = preSolution
		HideSolutionNode = FALSE
	EndGlobalSection
EndGlobal
